// !$*UTF8*$!
{
	archiveVersion = 1;
	classes = {
	};
	objectVersion = 50;
	objects = {

/* Begin PBXBuildFile section */
		965500C123D2056C009CD679 /* CustomView.swift in Sources */ = {isa = PBXBuildFile; fileRef = 965500C023D2056C009CD679 /* CustomView.swift */; };
		96DE1C7C23CF43CB00503967 /* AppDelegate.swift in Sources */ = {isa = PBXBuildFile; fileRef = 96DE1C7B23CF43CB00503967 /* AppDelegate.swift */; };
		96DE1C7E23CF43CB00503967 /* SceneDelegate.swift in Sources */ = {isa = PBXBuildFile; fileRef = 96DE1C7D23CF43CB00503967 /* SceneDelegate.swift */; };
		96DE1C8023CF43CB00503967 /* ContentView.swift in Sources */ = {isa = PBXBuildFile; fileRef = 96DE1C7F23CF43CB00503967 /* ContentView.swift */; };
		96DE1C8223CF43CC00503967 /* Assets.xcassets in Resources */ = {isa = PBXBuildFile; fileRef = 96DE1C8123CF43CC00503967 /* Assets.xcassets */; };
		96DE1C8523CF43CC00503967 /* Preview Assets.xcassets in Resources */ = {isa = PBXBuildFile; fileRef = 96DE1C8423CF43CC00503967 /* Preview Assets.xcassets */; };
		96DE1C8823CF43CC00503967 /* LaunchScreen.storyboard in Resources */ = {isa = PBXBuildFile; fileRef = 96DE1C8623CF43CC00503967 /* LaunchScreen.storyboard */; };
		96DE1C9023CF4A0F00503967 /* UserData.swift in Sources */ = {isa = PBXBuildFile; fileRef = 96DE1C8F23CF4A0F00503967 /* UserData.swift */; };
		96DE1C9223CF4AA500503967 /* SignOutView.swift in Sources */ = {isa = PBXBuildFile; fileRef = 96DE1C9123CF4AA500503967 /* SignOutView.swift */; };
		96DE1C9423CF580300503967 /* SignInView.swift in Sources */ = {isa = PBXBuildFile; fileRef = 96DE1C9323CF580300503967 /* SignInView.swift */; };
		96DE1C9623CF5C5D00503967 /* DialingView.swift in Sources */ = {isa = PBXBuildFile; fileRef = 96DE1C9523CF5C5D00503967 /* DialingView.swift */; };
/* End PBXBuildFile section */

/* Begin PBXFileReference section */
		965500C023D2056C009CD679 /* CustomView.swift */ = {isa = PBXFileReference; lastKnownFileType = sourcecode.swift; path = CustomView.swift; sourceTree = "<group>"; };
		96DE1C7823CF43CB00503967 /* CallsUI.app */ = {isa = PBXFileReference; explicitFileType = wrapper.application; includeInIndex = 0; path = CallsUI.app; sourceTree = BUILT_PRODUCTS_DIR; };
		96DE1C7B23CF43CB00503967 /* AppDelegate.swift */ = {isa = PBXFileReference; lastKnownFileType = sourcecode.swift; path = AppDelegate.swift; sourceTree = "<group>"; };
		96DE1C7D23CF43CB00503967 /* SceneDelegate.swift */ = {isa = PBXFileReference; lastKnownFileType = sourcecode.swift; path = SceneDelegate.swift; sourceTree = "<group>"; };
		96DE1C7F23CF43CB00503967 /* ContentView.swift */ = {isa = PBXFileReference; lastKnownFileType = sourcecode.swift; path = ContentView.swift; sourceTree = "<group>"; };
		96DE1C8123CF43CC00503967 /* Assets.xcassets */ = {isa = PBXFileReference; lastKnownFileType = folder.assetcatalog; path = Assets.xcassets; sourceTree = "<group>"; };
		96DE1C8423CF43CC00503967 /* Preview Assets.xcassets */ = {isa = PBXFileReference; lastKnownFileType = folder.assetcatalog; path = "Preview Assets.xcassets"; sourceTree = "<group>"; };
		96DE1C8723CF43CC00503967 /* Base */ = {isa = PBXFileReference; lastKnownFileType = file.storyboard; name = Base; path = Base.lproj/LaunchScreen.storyboard; sourceTree = "<group>"; };
		96DE1C8923CF43CC00503967 /* Info.plist */ = {isa = PBXFileReference; lastKnownFileType = text.plist.xml; path = Info.plist; sourceTree = "<group>"; };
		96DE1C8F23CF4A0F00503967 /* UserData.swift */ = {isa = PBXFileReference; lastKnownFileType = sourcecode.swift; path = UserData.swift; sourceTree = "<group>"; };
		96DE1C9123CF4AA500503967 /* SignOutView.swift */ = {isa = PBXFileReference; lastKnownFileType = sourcecode.swift; path = SignOutView.swift; sourceTree = "<group>"; };
		96DE1C9323CF580300503967 /* SignInView.swift */ = {isa = PBXFileReference; lastKnownFileType = sourcecode.swift; path = SignInView.swift; sourceTree = "<group>"; };
		96DE1C9523CF5C5D00503967 /* DialingView.swift */ = {isa = PBXFileReference; lastKnownFileType = sourcecode.swift; path = DialingView.swift; sourceTree = "<group>"; };
/* End PBXFileReference section */

/* Begin PBXFrameworksBuildPhase section */
		96DE1C7523CF43CB00503967 /* Frameworks */ = {
			isa = PBXFrameworksBuildPhase;
			buildActionMask = 2147483647;
			files = (
			);
			runOnlyForDeploymentPostprocessing = 0;
		};
/* End PBXFrameworksBuildPhase section */

/* Begin PBXGroup section */
		96DE1C6F23CF43CB00503967 = {
			isa = PBXGroup;
			children = (
				96DE1C7A23CF43CB00503967 /* CallsUI */,
				96DE1C7923CF43CB00503967 /* Products */,
			);
			sourceTree = "<group>";
		};
		96DE1C7923CF43CB00503967 /* Products */ = {
			isa = PBXGroup;
			children = (
				96DE1C7823CF43CB00503967 /* CallsUI.app */,
			);
			name = Products;
			sourceTree = "<group>";
		};
		96DE1C7A23CF43CB00503967 /* CallsUI */ = {
			isa = PBXGroup;
			children = (
				96DE1C7B23CF43CB00503967 /* AppDelegate.swift */,
				96DE1C7D23CF43CB00503967 /* SceneDelegate.swift */,
				96DE1C7F23CF43CB00503967 /* ContentView.swift */,
				96DE1C9523CF5C5D00503967 /* DialingView.swift */,
				965500C023D2056C009CD679 /* CustomView.swift */,
				96DE1C9323CF580300503967 /* SignInView.swift */,
				96DE1C9123CF4AA500503967 /* SignOutView.swift */,
				96DE1C8F23CF4A0F00503967 /* UserData.swift */,
				96DE1C8123CF43CC00503967 /* Assets.xcassets */,
				96DE1C8623CF43CC00503967 /* LaunchScreen.storyboard */,
				96DE1C8923CF43CC00503967 /* Info.plist */,
				96DE1C8323CF43CC00503967 /* Preview Content */,
			);
			path = CallsUI;
			sourceTree = "<group>";
		};
		96DE1C8323CF43CC00503967 /* Preview Content */ = {
			isa = PBXGroup;
			children = (
				96DE1C8423CF43CC00503967 /* Preview Assets.xcassets */,
			);
			path = "Preview Content";
			sourceTree = "<group>";
		};
/* End PBXGroup section */

/* Begin PBXNativeTarget section */
		96DE1C7723CF43CB00503967 /* CallsUI */ = {
			isa = PBXNativeTarget;
			buildConfigurationList = 96DE1C8C23CF43CC00503967 /* Build configuration list for PBXNativeTarget "CallsUI" */;
			buildPhases = (
				96DE1C7423CF43CB00503967 /* Sources */,
				96DE1C7523CF43CB00503967 /* Frameworks */,
				96DE1C7623CF43CB00503967 /* Resources */,
			);
			buildRules = (
			);
			dependencies = (
			);
			name = CallsUI;
			productName = CallsUI;
			productReference = 96DE1C7823CF43CB00503967 /* CallsUI.app */;
			productType = "com.apple.product-type.application";
		};
/* End PBXNativeTarget section */

/* Begin PBXProject section */
		96DE1C7023CF43CB00503967 /* Project object */ = {
			isa = PBXProject;
			attributes = {
				LastSwiftUpdateCheck = 1130;
				LastUpgradeCheck = 1130;
				ORGANIZATIONNAME = Jaesung;
				TargetAttributes = {
					96DE1C7723CF43CB00503967 = {
						CreatedOnToolsVersion = 11.3;
					};
				};
			};
			buildConfigurationList = 96DE1C7323CF43CB00503967 /* Build configuration list for PBXProject "CallsUI" */;
			compatibilityVersion = "Xcode 9.3";
			developmentRegion = en;
			hasScannedForEncodings = 0;
			knownRegions = (
				en,
				Base,
			);
			mainGroup = 96DE1C6F23CF43CB00503967;
			productRefGroup = 96DE1C7923CF43CB00503967 /* Products */;
			projectDirPath = "";
			projectRoot = "";
			targets = (
				96DE1C7723CF43CB00503967 /* CallsUI */,
			);
		};
/* End PBXProject section */

/* Begin PBXResourcesBuildPhase section */
		96DE1C7623CF43CB00503967 /* Resources */ = {
			isa = PBXResourcesBuildPhase;
			buildActionMask = 2147483647;
			files = (
				96DE1C8823CF43CC00503967 /* LaunchScreen.storyboard in Resources */,
				96DE1C8523CF43CC00503967 /* Preview Assets.xcassets in Resources */,
				96DE1C8223CF43CC00503967 /* Assets.xcassets in Resources */,
			);
			runOnlyForDeploymentPostprocessing = 0;
		};
/* End PBXResourcesBuildPhase section */

/* Begin PBXSourcesBuildPhase section */
		96DE1C7423CF43CB00503967 /* Sources */ = {
			isa = PBXSourcesBuildPhase;
			buildActionMask = 2147483647;
			files = (
				96DE1C9423CF580300503967 /* SignInView.swift in Sources */,
				965500C123D2056C009CD679 /* CustomView.swift in Sources */,
				96DE1C7C23CF43CB00503967 /* AppDelegate.swift in Sources */,
				96DE1C7E23CF43CB00503967 /* SceneDelegate.swift in Sources */,
				96DE1C9023CF4A0F00503967 /* UserData.swift in Sources */,
				96DE1C8023CF43CB00503967 /* ContentView.swift in Sources */,
				96DE1C9223CF4AA500503967 /* SignOutView.swift in Sources */,
				96DE1C9623CF5C5D00503967 /* DialingView.swift in Sources */,
			);
			runOnlyForDeploymentPostprocessing = 0;
		};
/* End PBXSourcesBuildPhase section */

/* Begin PBXVariantGroup section */
		96DE1C8623CF43CC00503967 /* LaunchScreen.storyboard */ = {
			isa = PBXVariantGroup;
			children = (
				96DE1C8723CF43CC00503967 /* Base */,
			);
			name = LaunchScreen.storyboard;
			sourceTree = "<group>";
		};
/* End PBXVariantGroup section */

/* Begin XCBuildConfiguration section */
		96DE1C8A23CF43CC00503967 /* Debug */ = {
			isa = XCBuildConfiguration;
			buildSettings = {
				ALWAYS_SEARCH_USER_PATHS = NO;
				CLANG_ANALYZER_NONNULL = YES;
				CLANG_ANALYZER_NUMBER_OBJECT_CONVERSION = YES_AGGRESSIVE;
				CLANG_CXX_LANGUAGE_STANDARD = "gnu++14";
				CLANG_CXX_LIBRARY = "libc++";
				CLANG_ENABLE_MODULES = YES;
				CLANG_ENABLE_OBJC_ARC = YES;
				CLANG_ENABLE_OBJC_WEAK = YES;
				CLANG_WARN_BLOCK_CAPTURE_AUTORELEASING = YES;
				CLANG_WARN_BOOL_CONVERSION = YES;
				CLANG_WARN_COMMA = YES;
				CLANG_WARN_CONSTANT_CONVERSION = YES;
				CLANG_WARN_DEPRECATED_OBJC_IMPLEMENTATIONS = YES;
				CLANG_WARN_DIRECT_OBJC_ISA_USAGE = YES_ERROR;
				CLANG_WARN_DOCUMENTATION_COMMENTS = YES;
				CLANG_WARN_EMPTY_BODY = YES;
				CLANG_WARN_ENUM_CONVERSION = YES;
				CLANG_WARN_INFINITE_RECURSION = YES;
				CLANG_WARN_INT_CONVERSION = YES;
				CLANG_WARN_NON_LITERAL_NULL_CONVERSION = YES;
				CLANG_WARN_OBJC_IMPLICIT_RETAIN_SELF = YES;
				CLANG_WARN_OBJC_LITERAL_CONVERSION = YES;
				CLANG_WARN_OBJC_ROOT_CLASS = YES_ERROR;
				CLANG_WARN_RANGE_LOOP_ANALYSIS = YES;
				CLANG_WARN_STRICT_PROTOTYPES = YES;
				CLANG_WARN_SUSPICIOUS_MOVE = YES;
				CLANG_WARN_UNGUARDED_AVAILABILITY = YES_AGGRESSIVE;
				CLANG_WARN_UNREACHABLE_CODE = YES;
				CLANG_WARN__DUPLICATE_METHOD_MATCH = YES;
				COPY_PHASE_STRIP = NO;
				DEBUG_INFORMATION_FORMAT = dwarf;
				ENABLE_STRICT_OBJC_MSGSEND = YES;
				ENABLE_TESTABILITY = YES;
				GCC_C_LANGUAGE_STANDARD = gnu11;
				GCC_DYNAMIC_NO_PIC = NO;
				GCC_NO_COMMON_BLOCKS = YES;
				GCC_OPTIMIZATION_LEVEL = 0;
				GCC_PREPROCESSOR_DEFINITIONS = (
					"DEBUG=1",
					"$(inherited)",
				);
				GCC_WARN_64_TO_32_BIT_CONVERSION = YES;
				GCC_WARN_ABOUT_RETURN_TYPE = YES_ERROR;
				GCC_WARN_UNDECLARED_SELECTOR = YES;
				GCC_WARN_UNINITIALIZED_AUTOS = YES_AGGRESSIVE;
				GCC_WARN_UNUSED_FUNCTION = YES;
				GCC_WARN_UNUSED_VARIABLE = YES;
				IPHONEOS_DEPLOYMENT_TARGET = 13.2;
				MTL_ENABLE_DEBUG_INFO = INCLUDE_SOURCE;
				MTL_FAST_MATH = YES;
				ONLY_ACTIVE_ARCH = YES;
				SDKROOT = iphoneos;
				SWIFT_ACTIVE_COMPILATION_CONDITIONS = DEBUG;
				SWIFT_OPTIMIZATION_LEVEL = "-Onone";
			};
			name = Debug;
		};
		96DE1C8B23CF43CC00503967 /* Release */ = {
			isa = XCBuildConfiguration;
			buildSettings = {
				ALWAYS_SEARCH_USER_PATHS = NO;
				CLANG_ANALYZER_NONNULL = YES;
				CLANG_ANALYZER_NUMBER_OBJECT_CONVERSION = YES_AGGRESSIVE;
				CLANG_CXX_LANGUAGE_STANDARD = "gnu++14";
				CLANG_CXX_LIBRARY = "libc++";
				CLANG_ENABLE_MODULES = YES;
				CLANG_ENABLE_OBJC_ARC = YES;
				CLANG_ENABLE_OBJC_WEAK = YES;
				CLANG_WARN_BLOCK_CAPTURE_AUTORELEASING = YES;
				CLANG_WARN_BOOL_CONVERSION = YES;
				CLANG_WARN_COMMA = YES;
				CLANG_WARN_CONSTANT_CONVERSION = YES;
				CLANG_WARN_DEPRECATED_OBJC_IMPLEMENTATIONS = YES;
				CLANG_WARN_DIRECT_OBJC_ISA_USAGE = YES_ERROR;
				CLANG_WARN_DOCUMENTATION_COMMENTS = YES;
				CLANG_WARN_EMPTY_BODY = YES;
				CLANG_WARN_ENUM_CONVERSION = YES;
				CLANG_WARN_INFINITE_RECURSION = YES;
				CLANG_WARN_INT_CONVERSION = YES;
				CLANG_WARN_NON_LITERAL_NULL_CONVERSION = YES;
				CLANG_WARN_OBJC_IMPLICIT_RETAIN_SELF = YES;
				CLANG_WARN_OBJC_LITERAL_CONVERSION = YES;
				CLANG_WARN_OBJC_ROOT_CLASS = YES_ERROR;
				CLANG_WARN_RANGE_LOOP_ANALYSIS = YES;
				CLANG_WARN_STRICT_PROTOTYPES = YES;
				CLANG_WARN_SUSPICIOUS_MOVE = YES;
				CLANG_WARN_UNGUARDED_AVAILABILITY = YES_AGGRESSIVE;
				CLANG_WARN_UNREACHABLE_CODE = YES;
				CLANG_WARN__DUPLICATE_METHOD_MATCH = YES;
				COPY_PHASE_STRIP = NO;
				DEBUG_INFORMATION_FORMAT = "dwarf-with-dsym";
				ENABLE_NS_ASSERTIONS = NO;
				ENABLE_STRICT_OBJC_MSGSEND = YES;
				GCC_C_LANGUAGE_STANDARD = gnu11;
				GCC_NO_COMMON_BLOCKS = YES;
				GCC_WARN_64_TO_32_BIT_CONVERSION = YES;
				GCC_WARN_ABOUT_RETURN_TYPE = YES_ERROR;
				GCC_WARN_UNDECLARED_SELECTOR = YES;
				GCC_WARN_UNINITIALIZED_AUTOS = YES_AGGRESSIVE;
				GCC_WARN_UNUSED_FUNCTION = YES;
				GCC_WARN_UNUSED_VARIABLE = YES;
				IPHONEOS_DEPLOYMENT_TARGET = 13.2;
				MTL_ENABLE_DEBUG_INFO = NO;
				MTL_FAST_MATH = YES;
				SDKROOT = iphoneos;
				SWIFT_COMPILATION_MODE = wholemodule;
				SWIFT_OPTIMIZATION_LEVEL = "-O";
				VALIDATE_PRODUCT = YES;
			};
			name = Release;
		};
		96DE1C8D23CF43CC00503967 /* Debug */ = {
			isa = XCBuildConfiguration;
			buildSettings = {
				ASSETCATALOG_COMPILER_APPICON_NAME = AppIcon;
				CODE_SIGN_STYLE = Automatic;
				DEVELOPMENT_ASSET_PATHS = "\"CallsUI/Preview Content\"";
				DEVELOPMENT_TEAM = 77CD4KLN3Y;
				ENABLE_PREVIEWS = YES;
				INFOPLIST_FILE = CallsUI/Info.plist;
				LD_RUNPATH_SEARCH_PATHS = (
					"$(inherited)",
					"@executable_path/Frameworks",
				);
				PRODUCT_BUNDLE_IDENTIFIER = com.jaesung.CallsUI;
				PRODUCT_NAME = "$(TARGET_NAME)";
				SWIFT_VERSION = 5.0;
				TARGETED_DEVICE_FAMILY = "1,2";
			};
			name = Debug;
		};
		96DE1C8E23CF43CC00503967 /* Release */ = {
			isa = XCBuildConfiguration;
			buildSettings = {
				ASSETCATALOG_COMPILER_APPICON_NAME = AppIcon;
				CODE_SIGN_STYLE = Automatic;
				DEVELOPMENT_ASSET_PATHS = "\"CallsUI/Preview Content\"";
				DEVELOPMENT_TEAM = 77CD4KLN3Y;
				ENABLE_PREVIEWS = YES;
				INFOPLIST_FILE = CallsUI/Info.plist;
				LD_RUNPATH_SEARCH_PATHS = (
					"$(inherited)",
					"@executable_path/Frameworks",
				);
				PRODUCT_BUNDLE_IDENTIFIER = com.jaesung.CallsUI;
				PRODUCT_NAME = "$(TARGET_NAME)";
				SWIFT_VERSION = 5.0;
				TARGETED_DEVICE_FAMILY = "1,2";
			};
			name = Release;
		};
/* End XCBuildConfiguration section */

/* Begin XCConfigurationList section */
		96DE1C7323CF43CB00503967 /* Build configuration list for PBXProject "CallsUI" */ = {
			isa = XCConfigurationList;
			buildConfigurations = (
				96DE1C8A23CF43CC00503967 /* Debug */,
				96DE1C8B23CF43CC00503967 /* Release */,
			);
			defaultConfigurationIsVisible = 0;
			defaultConfigurationName = Release;
		};
		96DE1C8C23CF43CC00503967 /* Build configuration list for PBXNativeTarget "CallsUI" */ = {
			isa = XCConfigurationList;
			buildConfigurations = (
				96DE1C8D23CF43CC00503967 /* Debug */,
				96DE1C8E23CF43CC00503967 /* Release */,
			);
			defaultConfigurationIsVisible = 0;
			defaultConfigurationName = Release;
		};
/* End XCConfigurationList section */
	};
	rootObject = 96DE1C7023CF43CB00503967 /* Project object */;
}
